# This file is automatically @generated by Poetry 1.5.1 and should not be changed by hand.

[[package]]
name = "dnspython"
version = "2.7.0"
description = "DNS toolkit"
optional = false
python-versions = ">=3.9"
files = [
    {file = "dnspython-2.7.0-py3-none-any.whl", hash = "sha256:b4c34b7d10b51bcc3a5071e7b8dee77939f1e878477eeecc965e9835f63c6c86"},
    {file = "dnspython-2.7.0.tar.gz", hash = "sha256:ce9c432eda0dc91cf618a5cedf1a4e142651196bbcd2c80e89ed5a907e5cfaf1"},
]

[package.extras]
dev = ["black (>=23.1.0)", "coverage (>=7.0)", "flake8 (>=7)", "hypercorn (>=0.16.0)", "mypy (>=1.8)", "pylint (>=3)", "pytest (>=7.4)", "pytest-cov (>=4.1.0)", "quart-trio (>=0.11.0)", "sphinx (>=7.2.0)", "sphinx-rtd-theme (>=2.0.0)", "twine (>=4.0.0)", "wheel (>=0.42.0)"]
dnssec = ["cryptography (>=43)"]
doh = ["h2 (>=4.1.0)", "httpcore (>=1.0.0)", "httpx (>=0.26.0)"]
doq = ["aioquic (>=1.0.0)"]
idna = ["idna (>=3.7)"]
trio = ["trio (>=0.23)"]
wmi = ["wmi (>=1.5.1)"]

[[package]]
name = "motor"
version = "3.7.0"
description = "Non-blocking MongoDB driver for Tornado or asyncio"
optional = false
python-versions = ">=3.9"
files = [
    {file = "motor-3.7.0-py3-none-any.whl", hash = "sha256:61bdf1afded179f008d423f98066348157686f25a90776ea155db5f47f57d605"},
    {file = "motor-3.7.0.tar.gz", hash = "sha256:0dfa1f12c812bd90819c519b78bed626b5a9dbb29bba079ccff2bfa8627e0fec"},
]

[package.dependencies]
pymongo = ">=4.9,<5.0"

[package.extras]
aws = ["pymongo[aws] (>=4.5,<5)"]
docs = ["aiohttp", "furo (==2024.8.6)", "readthedocs-sphinx-search (>=0.3,<1.0)", "sphinx (>=5.3,<8)", "sphinx-rtd-theme (>=2,<3)", "tornado"]
encryption = ["pymongo[encryption] (>=4.5,<5)"]
gssapi = ["pymongo[gssapi] (>=4.5,<5)"]
ocsp = ["pymongo[ocsp] (>=4.5,<5)"]
snappy = ["pymongo[snappy] (>=4.5,<5)"]
test = ["aiohttp (>=3.8.7)", "cffi (>=1.17.0rc1)", "mockupdb", "pymongo[encryption] (>=4.5,<5)", "pytest (>=7)", "pytest-asyncio", "tornado (>=5)"]
zstd = ["pymongo[zstd] (>=4.5,<5)"]

[[package]]
name = "pymongo"
version = "4.11"
description = "Python driver for MongoDB <http://www.mongodb.org>"
optional = false
python-versions = ">=3.9"
files = [
    {file = "pymongo-4.11-cp310-cp310-macosx_10_9_x86_64.whl", hash = "sha256:1971039a8e3aab139e0382b26a9670cd34f43c5301da267360b9a640b637d09b"},
    {file = "pymongo-4.11-cp310-cp310-macosx_11_0_arm64.whl", hash = "sha256:b4878e92ae255a05756399a4e2b428f0fd3529561eacd9f4781a70ad5311397e"},
    {file = "pymongo-4.11-cp310-cp310-manylinux_2_17_aarch64.manylinux2014_aarch64.whl", hash = "sha256:e43b0533f291a8883e52fd7a8919353ae7038d50ef17873983877c2f6b76330e"},
    {file = "pymongo-4.11-cp310-cp310-manylinux_2_17_x86_64.manylinux2014_x86_64.whl", hash = "sha256:cf0a36fae1187fc2bdf3c527dc68c6bfd7c89726fbbf3215460b82e28bd8b81e"},
    {file = "pymongo-4.11-cp310-cp310-manylinux_2_5_i686.manylinux1_i686.manylinux_2_17_i686.manylinux2014_i686.whl", hash = "sha256:ff5176a083252a769e5bfb1a950d0e37da585c313e1a4af98903e22e7cf4c475"},
    {file = "pymongo-4.11-cp310-cp310-win32.whl", hash = "sha256:ee3cc9bce848a1024d1c96717540f3f30cba885df9610be70c0653764e30ae6e"},
    {file = "pymongo-4.11-cp310-cp310-win_amd64.whl", hash = "sha256:06e82968ea031aebc18820898b102efed1ea8dc21b51eff2a81dc9ba4191fa6b"},
    {file = "pymongo-4.11-cp311-cp311-macosx_10_9_x86_64.whl", hash = "sha256:0197fe47e31bee488e82e7ab73e6a351a191bbd6e25cf4a380622e4b1ffcd143"},
    {file = "pymongo-4.11-cp311-cp311-macosx_11_0_arm64.whl", hash = "sha256:f300d1811bd33940b2dd1907dbe2b4ae473003a384d6a764babb3ea5a4edede4"},
    {file = "pymongo-4.11-cp311-cp311-manylinux_2_17_aarch64.manylinux2014_aarch64.whl", hash = "sha256:212f14a882659a45db472f0bc0fdf83c16fad4e7e4d4257187797779c461320e"},
    {file = "pymongo-4.11-cp311-cp311-manylinux_2_17_x86_64.manylinux2014_x86_64.whl", hash = "sha256:c72165e4ee884c3c9ac85a443f20dd01849c9df26b38ff25b08260330ed78202"},
    {file = "pymongo-4.11-cp311-cp311-manylinux_2_5_i686.manylinux1_i686.manylinux_2_17_i686.manylinux2014_i686.whl", hash = "sha256:bedcf4a602042cb2c19ae3ee450fbdd5832095ae5b563e004f7c0d307a22c9e1"},
    {file = "pymongo-4.11-cp311-cp311-win32.whl", hash = "sha256:64ad12ae8d79f18ec30d807b9b9b9802c30427c39599d8b1833bc00e63f0e4bb"},
    {file = "pymongo-4.11-cp311-cp311-win_amd64.whl", hash = "sha256:a308ad2eeaee370b3b4154a82840c8f8f9b18ccc76b71812323d243a7bda98a2"},
    {file = "pymongo-4.11-cp312-cp312-macosx_10_13_x86_64.whl", hash = "sha256:254aa90fafead13aca8dbcfbc407e2f6f7c125fce726925bd96adc74b6226f9e"},
    {file = "pymongo-4.11-cp312-cp312-macosx_11_0_arm64.whl", hash = "sha256:e84e27d6fa4b3e532043daf89d52d2cfbd7b4697b44b86a7b3db8cacdcfcc58c"},
    {file = "pymongo-4.11-cp312-cp312-manylinux_2_17_aarch64.manylinux2014_aarch64.whl", hash = "sha256:7ac81987985275abeb53f5faa5c4a7f7890df9368c0f730fe37460a6301d94d7"},
    {file = "pymongo-4.11-cp312-cp312-manylinux_2_17_x86_64.manylinux2014_x86_64.whl", hash = "sha256:85cfc99af2ae0fb8699e15b1f3479018216eb75d80f0082973a876ecfdf1022e"},
    {file = "pymongo-4.11-cp312-cp312-manylinux_2_5_i686.manylinux1_i686.manylinux_2_17_i686.manylinux2014_i686.whl", hash = "sha256:b885210269455e05f5704887a4c7b3b99d03c9ab37f320005acc21d1761f1656"},
    {file = "pymongo-4.11-cp312-cp312-win32.whl", hash = "sha256:b7af60e034e04c3206dfbe2a7bbcc46057ca4f9ad8ed66869bf669c02a1e6e99"},
    {file = "pymongo-4.11-cp312-cp312-win_amd64.whl", hash = "sha256:74f02b7dbb3b15c2e48c7bb28941f6198dc73ced09683738180a9fdbfc0983b2"},
    {file = "pymongo-4.11-cp313-cp313-macosx_10_13_x86_64.whl", hash = "sha256:d33c80afcbfdd2934917fedfa005251484ca8d98767c74793c35d5f24b8e48f1"},
    {file = "pymongo-4.11-cp313-cp313-macosx_11_0_arm64.whl", hash = "sha256:d4db6f7515f5087ae9deecc3b60d3d8a512b1a0a9bff93113bc9edf20ed29ab9"},
    {file = "pymongo-4.11-cp313-cp313-manylinux_2_17_aarch64.manylinux2014_aarch64.whl", hash = "sha256:c3a7ead31317d3a3eabc17486c75ad109f3d514a702002e52da474b59dd8acce"},
    {file = "pymongo-4.11-cp313-cp313-manylinux_2_17_x86_64.manylinux2014_x86_64.whl", hash = "sha256:4c0ab91c06bf79dd3d3fd5f2a53fe22db8036084ddcfaacd80e83828b6eb4f25"},
    {file = "pymongo-4.11-cp313-cp313-manylinux_2_5_i686.manylinux1_i686.manylinux_2_17_i686.manylinux2014_i686.whl", hash = "sha256:9a04f49d6f1fa4f4e6a98ef76b4881b4a9c7decd8a90ee5c9aeff087662e2d8a"},
    {file = "pymongo-4.11-cp313-cp313-win32.whl", hash = "sha256:981ae0caa245bedf9af3af9159ae71b05444e35dd61a0250235b5c58dcd69178"},
    {file = "pymongo-4.11-cp313-cp313-win_amd64.whl", hash = "sha256:8e5a56a508612c64906d5375ebee413cee2fc432c09abd9cb4d9e23ac8bcdd3a"},
    {file = "pymongo-4.11-cp313-cp313t-macosx_10_13_x86_64.whl", hash = "sha256:c3b67a2949240d63a0b8b1094e1d2d4b94dedf0317ac6e14164adc9aaf260963"},
    {file = "pymongo-4.11-cp313-cp313t-macosx_11_0_arm64.whl", hash = "sha256:17d4b787afed3163e5faa147b028d8ec7996a5388328499588c5c5858f26ab8a"},
    {file = "pymongo-4.11-cp313-cp313t-manylinux_2_17_aarch64.manylinux2014_aarch64.whl", hash = "sha256:ae7f636010ce54885f1ea19c37ea2cb744d976ce689361a776fd0e991d020b81"},
    {file = "pymongo-4.11-cp313-cp313t-manylinux_2_17_x86_64.manylinux2014_x86_64.whl", hash = "sha256:c7f2309384de675e7e25104fc5947acb65ad3ba69dc8246095d57ff1220dfcbb"},
    {file = "pymongo-4.11-cp313-cp313t-manylinux_2_5_i686.manylinux1_i686.manylinux_2_17_i686.manylinux2014_i686.whl", hash = "sha256:17966e98d0350b578a337f053cc541458c296236d4b5b4b8adb76f5e82644fb8"},
    {file = "pymongo-4.11-cp313-cp313t-win32.whl", hash = "sha256:b7246f2060ba03dcc25ade803bc6a3c39f1cc7db93297875edd251ca8cf5cac7"},
    {file = "pymongo-4.11-cp313-cp313t-win_amd64.whl", hash = "sha256:488e3440f5bedcbf494fd02c0a433cb5be7e55ba44dc72202813e1007a865e6a"},
    {file = "pymongo-4.11-cp39-cp39-macosx_10_9_x86_64.whl", hash = "sha256:8436f90f26379c167d47b61ac78c48224af98f3136ece380b74158cbef2ad6a7"},
    {file = "pymongo-4.11-cp39-cp39-macosx_11_0_arm64.whl", hash = "sha256:5837ee73ffa4a943360320d7b9b917da2752a4cb536e23a6eaca418c1c64f60a"},
    {file = "pymongo-4.11-cp39-cp39-manylinux_2_17_aarch64.manylinux2014_aarch64.whl", hash = "sha256:5c7e5e500cc408f7f2aa38a4a6ed96d78a4c4cce3bcc6f1a55113f0b9d7823dd"},
    {file = "pymongo-4.11-cp39-cp39-manylinux_2_17_x86_64.manylinux2014_x86_64.whl", hash = "sha256:7cf9d18444259d86cd7028ac428f4fe7fbdefa3450575126ad2ee4447db0f52f"},
    {file = "pymongo-4.11-cp39-cp39-manylinux_2_5_i686.manylinux1_i686.manylinux_2_17_i686.manylinux2014_i686.whl", hash = "sha256:ec86da9ce746de890b8d470a1f12f3d2634786fee002a4c56bdbbfd59e23f1f7"},
    {file = "pymongo-4.11-cp39-cp39-manylinux_2_5_i686.manylinux1_i686.whl", hash = "sha256:38f777f5e43f3acd651a79aaf95abf29e8e7f85429a12ce32c4b7f2f877b2200"},
    {file = "pymongo-4.11-cp39-cp39-manylinux_2_5_x86_64.manylinux1_x86_64.whl", hash = "sha256:314648ec4d5eaa755233343d6d110348371988257de35f5a84667b709262deab"},
    {file = "pymongo-4.11-cp39-cp39-win32.whl", hash = "sha256:d4a275ea70f597d3fd77bdc83054307a65749b2c669bc5045cb4620930eed596"},
    {file = "pymongo-4.11-cp39-cp39-win_amd64.whl", hash = "sha256:bb3ce0ce49cfe5c31db046d567403adb2d158459cf10d7c71f6d72f2324c900a"},
    {file = "pymongo-4.11.tar.gz", hash = "sha256:21b9969e155c4b16a160fbe90c390a07ca7514479af6c3811b1d15ead26e10ba"},
]

[package.dependencies]
dnspython = ">=1.16.0,<3.0.0"

[package.extras]
aws = ["pymongo-auth-aws (>=1.1.0,<2.0.0)"]
docs = ["furo (==2024.8.6)", "readthedocs-sphinx-search (>=0.3,<1.0)", "sphinx (>=5.3,<9)", "sphinx-autobuild (>=2020.9.1)", "sphinx-rtd-theme (>=2,<4)", "sphinxcontrib-shellcheck (>=1,<2)"]
encryption = ["certifi", "pymongo-auth-aws (>=1.1.0,<2.0.0)", "pymongocrypt (>=1.12.0,<2.0.0)"]
gssapi = ["pykerberos", "winkerberos (>=0.5.0)"]
ocsp = ["certifi", "cryptography (>=2.5)", "pyopenssl (>=17.2.0)", "requests (<3.0.0)", "service-identity (>=18.1.0)"]
snappy = ["python-snappy"]
test = ["pytest (>=8.2)", "pytest-asyncio (>=0.24.0)"]
zstd = ["zstandard"]

[metadata]
lock-version = "2.0"
python-versions = "^3.9"
content-hash = "64248317a29c0f55ecbf9b758640882f4cc9978c8c53dfa6c51c1acd9b184b52"
